
Microsoft Visual Studio Solution File, Format Version 12.00
# Visual Studio Version 17
VisualStudioVersion = 17.11.35303.130
MinimumVisualStudioVersion = 10.0.40219.1
Project("{FAE04EC0-301F-11D3-BF4B-00C04F79EFBC}") = "AICapture", "AICapture.csproj", "{7A59FECD-6F5E-4826-8279-CBA1475E724D}"
EndProject
Global
	GlobalSection(SolutionConfigurationPlatforms) = preSolution
		Debug|Any CPU = Debug|Any CPU
		Release|Any CPU = Release|Any CPU
	EndGlobalSection
	GlobalSection(ProjectConfigurationPlatforms) = postSolution
		{7A59FECD-6F5E-4826-8279-CBA1475E724D}.Debug|Any CPU.ActiveCfg = Debug|Any CPU
		{7A59FECD-6F5E-4826-8279-CBA1475E724D}.Debug|Any CPU.Build.0 = Debug|Any CPU
		{7A59FECD-6F5E-4826-8279-CBA1475E724D}.Release|Any CPU.ActiveCfg = Release|Any CPU
		{7A59FECD-6F5E-4826-8279-CBA1475E724D}.Release|Any CPU.Build.0 = Release|Any CPU
	EndGlobalSection
	GlobalSection(SolutionProperties) = preSolution
		HideSolutionNode = FALSE
	EndGlobalSection
	GlobalSection(ExtensibilityGlobals) = postSolution
		SolutionGuid = {F0413E3E-5F37-4BDA-ADB6-0C24DFCE3FFA}
	EndGlobalSection
EndGlobal
